
Microsoft Visual Studio Solution File, Format Version 12.00
# Visual Studio 15
VisualStudioVersion = 15.0.26730.16
MinimumVisualStudioVersion = 10.0.40219.1
Project("{FAE04EC0-301F-11D3-BF4B-00C04F79EFBC}") = "Expressions", "Expressions\Expressions.csproj", "{96F7AEEA-BB27-494C-816B-2F8C6A346D0E}"
EndProject
Project("{FAE04EC0-301F-11D3-BF4B-00C04F79EFBC}") = "TryParseConversion", "TryParseConversion\TryParseConversion.csproj", "{AE228019-5D18-457B-A792-62795BC71F59}"
EndProject
Project("{FAE04EC0-301F-11D3-BF4B-00C04F79EFBC}") = "StringBuilder", "StringBuilder\StringBuilder.csproj", "{86C7CDDC-2A2F-4062-8B21-620999EB432E}"
EndProject
Project("{FAE04EC0-301F-11D3-BF4B-00C04F79EFBC}") = "RegularExpression", "RegularExpression\RegularExpression.csproj", "{49619BA9-F9B3-4F6D-B9D2-6704F790EE9E}"
EndProject
Project("{FAE04EC0-301F-11D3-BF4B-00C04F79EFBC}") = "TwoDimensionArray", "TwoDimensionArray\TwoDimensionArray.csproj", "{AB4EC752-A2E4-4D09-9D6E-5A77A2159112}"
EndProject
Project("{FAE04EC0-301F-11D3-BF4B-00C04F79EFBC}") = "OverloadedMethod", "OverloadedMethod\OverloadedMethod.csproj", "{A4425671-A7BA-44AF-AD95-A2A592A8E41E}"
EndProject
Project("{FAE04EC0-301F-11D3-BF4B-00C04F79EFBC}") = "MethodOptionalParameters", "MethodOptionalParameters\MethodOptionalParameters.csproj", "{CF6DCBE2-03B2-4226-B170-6B5DD32EDC7D}"
EndProject
Project("{FAE04EC0-301F-11D3-BF4B-00C04F79EFBC}") = "MethodOutParameters", "MethodOutParameters\MethodOutParameters.csproj", "{D4F4A212-7E0C-4F32-854E-7D29B1748CA6}"
EndProject
Project("{FAE04EC0-301F-11D3-BF4B-00C04F79EFBC}") = "MethodRefParameters", "MethodRefParameters\MethodRefParameters.csproj", "{C85D4875-580C-463B-A494-8AB3D48E2678}"
EndProject
Project("{FAE04EC0-301F-11D3-BF4B-00C04F79EFBC}") = "TryCatchException", "TryCatchException\TryCatchException.csproj", "{23C069C9-131D-47B9-BEE1-42B232095B29}"
EndProject
Global
	GlobalSection(SolutionConfigurationPlatforms) = preSolution
		Debug|Any CPU = Debug|Any CPU
		Release|Any CPU = Release|Any CPU
	EndGlobalSection
	GlobalSection(ProjectConfigurationPlatforms) = postSolution
		{96F7AEEA-BB27-494C-816B-2F8C6A346D0E}.Debug|Any CPU.ActiveCfg = Debug|Any CPU
		{96F7AEEA-BB27-494C-816B-2F8C6A346D0E}.Debug|Any CPU.Build.0 = Debug|Any CPU
		{96F7AEEA-BB27-494C-816B-2F8C6A346D0E}.Release|Any CPU.ActiveCfg = Release|Any CPU
		{96F7AEEA-BB27-494C-816B-2F8C6A346D0E}.Release|Any CPU.Build.0 = Release|Any CPU
		{AE228019-5D18-457B-A792-62795BC71F59}.Debug|Any CPU.ActiveCfg = Debug|Any CPU
		{AE228019-5D18-457B-A792-62795BC71F59}.Debug|Any CPU.Build.0 = Debug|Any CPU
		{AE228019-5D18-457B-A792-62795BC71F59}.Release|Any CPU.ActiveCfg = Release|Any CPU
		{AE228019-5D18-457B-A792-62795BC71F59}.Release|Any CPU.Build.0 = Release|Any CPU
		{86C7CDDC-2A2F-4062-8B21-620999EB432E}.Debug|Any CPU.ActiveCfg = Debug|Any CPU
		{86C7CDDC-2A2F-4062-8B21-620999EB432E}.Debug|Any CPU.Build.0 = Debug|Any CPU
		{86C7CDDC-2A2F-4062-8B21-620999EB432E}.Release|Any CPU.ActiveCfg = Release|Any CPU
		{86C7CDDC-2A2F-4062-8B21-620999EB432E}.Release|Any CPU.Build.0 = Release|Any CPU
		{49619BA9-F9B3-4F6D-B9D2-6704F790EE9E}.Debug|Any CPU.ActiveCfg = Debug|Any CPU
		{49619BA9-F9B3-4F6D-B9D2-6704F790EE9E}.Debug|Any CPU.Build.0 = Debug|Any CPU
		{49619BA9-F9B3-4F6D-B9D2-6704F790EE9E}.Release|Any CPU.ActiveCfg = Release|Any CPU
		{49619BA9-F9B3-4F6D-B9D2-6704F790EE9E}.Release|Any CPU.Build.0 = Release|Any CPU
		{AB4EC752-A2E4-4D09-9D6E-5A77A2159112}.Debug|Any CPU.ActiveCfg = Debug|Any CPU
		{AB4EC752-A2E4-4D09-9D6E-5A77A2159112}.Debug|Any CPU.Build.0 = Debug|Any CPU
		{AB4EC752-A2E4-4D09-9D6E-5A77A2159112}.Release|Any CPU.ActiveCfg = Release|Any CPU
		{AB4EC752-A2E4-4D09-9D6E-5A77A2159112}.Release|Any CPU.Build.0 = Release|Any CPU
		{A4425671-A7BA-44AF-AD95-A2A592A8E41E}.Debug|Any CPU.ActiveCfg = Debug|Any CPU
		{A4425671-A7BA-44AF-AD95-A2A592A8E41E}.Debug|Any CPU.Build.0 = Debug|Any CPU
		{A4425671-A7BA-44AF-AD95-A2A592A8E41E}.Release|Any CPU.ActiveCfg = Release|Any CPU
		{A4425671-A7BA-44AF-AD95-A2A592A8E41E}.Release|Any CPU.Build.0 = Release|Any CPU
		{CF6DCBE2-03B2-4226-B170-6B5DD32EDC7D}.Debug|Any CPU.ActiveCfg = Debug|Any CPU
		{CF6DCBE2-03B2-4226-B170-6B5DD32EDC7D}.Debug|Any CPU.Build.0 = Debug|Any CPU
		{CF6DCBE2-03B2-4226-B170-6B5DD32EDC7D}.Release|Any CPU.ActiveCfg = Release|Any CPU
		{CF6DCBE2-03B2-4226-B170-6B5DD32EDC7D}.Release|Any CPU.Build.0 = Release|Any CPU
		{D4F4A212-7E0C-4F32-854E-7D29B1748CA6}.Debug|Any CPU.ActiveCfg = Debug|Any CPU
		{D4F4A212-7E0C-4F32-854E-7D29B1748CA6}.Debug|Any CPU.Build.0 = Debug|Any CPU
		{D4F4A212-7E0C-4F32-854E-7D29B1748CA6}.Release|Any CPU.ActiveCfg = Release|Any CPU
		{D4F4A212-7E0C-4F32-854E-7D29B1748CA6}.Release|Any CPU.Build.0 = Release|Any CPU
		{C85D4875-580C-463B-A494-8AB3D48E2678}.Debug|Any CPU.ActiveCfg = Debug|Any CPU
		{C85D4875-580C-463B-A494-8AB3D48E2678}.Debug|Any CPU.Build.0 = Debug|Any CPU
		{C85D4875-580C-463B-A494-8AB3D48E2678}.Release|Any CPU.ActiveCfg = Release|Any CPU
		{C85D4875-580C-463B-A494-8AB3D48E2678}.Release|Any CPU.Build.0 = Release|Any CPU
		{23C069C9-131D-47B9-BEE1-42B232095B29}.Debug|Any CPU.ActiveCfg = Debug|Any CPU
		{23C069C9-131D-47B9-BEE1-42B232095B29}.Debug|Any CPU.Build.0 = Debug|Any CPU
		{23C069C9-131D-47B9-BEE1-42B232095B29}.Release|Any CPU.ActiveCfg = Release|Any CPU
		{23C069C9-131D-47B9-BEE1-42B232095B29}.Release|Any CPU.Build.0 = Release|Any CPU
	EndGlobalSection
	GlobalSection(SolutionProperties) = preSolution
		HideSolutionNode = FALSE
	EndGlobalSection
	GlobalSection(ExtensibilityGlobals) = postSolution
		SolutionGuid = {98339988-7850-4BD8-A286-C7A2728E4843}
	EndGlobalSection
EndGlobal
